
Microsoft Visual Studio Solution File, Format Version 12.00
# Visual Studio Version 17
VisualStudioVersion = 17.14.36811.4 d17.14
MinimumVisualStudioVersion = 10.0.40219.1
Project("{FAE04EC0-301F-11D3-BF4B-00C04F79EFBC}") = "insurance-api", "insurance-api\insurance-api.csproj", "{75B9D093-D466-C3FF-7FAF-566F678A07AF}"
EndProject
Project("{FAE04EC0-301F-11D3-BF4B-00C04F79EFBC}") = "insurance-api.AppHost", "insurance-api.AppHost\insurance-api.AppHost.csproj", "{36A48BB5-F3BA-4861-B46E-CE10D17602A4}"
EndProject
Project("{FAE04EC0-301F-11D3-BF4B-00C04F79EFBC}") = "insurance-api.ServiceDefaults", "insurance-api.ServiceDefaults\insurance-api.ServiceDefaults.csproj", "{AFA8E39D-F295-2F0D-3FF0-6A9D3CB65313}"
EndProject
Global
	GlobalSection(SolutionConfigurationPlatforms) = preSolution
		Debug|Any CPU = Debug|Any CPU
		Release|Any CPU = Release|Any CPU
	EndGlobalSection
	GlobalSection(ProjectConfigurationPlatforms) = postSolution
		{75B9D093-D466-C3FF-7FAF-566F678A07AF}.Debug|Any CPU.ActiveCfg = Debug|Any CPU
		{75B9D093-D466-C3FF-7FAF-566F678A07AF}.Debug|Any CPU.Build.0 = Debug|Any CPU
		{75B9D093-D466-C3FF-7FAF-566F678A07AF}.Release|Any CPU.ActiveCfg = Release|Any CPU
		{75B9D093-D466-C3FF-7FAF-566F678A07AF}.Release|Any CPU.Build.0 = Release|Any CPU
		{36A48BB5-F3BA-4861-B46E-CE10D17602A4}.Debug|Any CPU.ActiveCfg = Debug|Any CPU
		{36A48BB5-F3BA-4861-B46E-CE10D17602A4}.Debug|Any CPU.Build.0 = Debug|Any CPU
		{36A48BB5-F3BA-4861-B46E-CE10D17602A4}.Release|Any CPU.ActiveCfg = Release|Any CPU
		{36A48BB5-F3BA-4861-B46E-CE10D17602A4}.Release|Any CPU.Build.0 = Release|Any CPU
		{AFA8E39D-F295-2F0D-3FF0-6A9D3CB65313}.Debug|Any CPU.ActiveCfg = Debug|Any CPU
		{AFA8E39D-F295-2F0D-3FF0-6A9D3CB65313}.Debug|Any CPU.Build.0 = Debug|Any CPU
		{AFA8E39D-F295-2F0D-3FF0-6A9D3CB65313}.Release|Any CPU.ActiveCfg = Release|Any CPU
		{AFA8E39D-F295-2F0D-3FF0-6A9D3CB65313}.Release|Any CPU.Build.0 = Release|Any CPU
	EndGlobalSection
	GlobalSection(SolutionProperties) = preSolution
		HideSolutionNode = FALSE
	EndGlobalSection
	GlobalSection(ExtensibilityGlobals) = postSolution
		SolutionGuid = {C4BBF00F-B46A-4370-ACEB-2CFA0D1DC88D}
	EndGlobalSection
EndGlobal
